
Microsoft Visual Studio Solution File, Format Version 11.00
# Visual Studio 2010
Project("{FAE04EC0-301F-11D3-BF4B-00C04F79EFBC}") = "Unity.Collections", "Unity.Collections.csproj", "{1b710483-76ef-892f-936a-9a3bbcd156f7}"
EndProject
Project("{FAE04EC0-301F-11D3-BF4B-00C04F79EFBC}") = "YuoTools", "YuoTools.csproj", "{93924fd0-4aa4-eb4d-8174-3ebf85f1aaa5}"
EndProject
Project("{FAE04EC0-301F-11D3-BF4B-00C04F79EFBC}") = "Assembly-CSharp", "Assembly-CSharp.csproj", "{cfaf01fa-de7f-72ae-ba5b-b4037850d0f8}"
EndProject
Project("{FAE04EC0-301F-11D3-BF4B-00C04F79EFBC}") = "Unity.PerformanceTesting", "Unity.PerformanceTesting.csproj", "{b354cb8b-bfe7-1603-d8f6-c07273914e58}"
EndProject
Project("{FAE04EC0-301F-11D3-BF4B-00C04F79EFBC}") = "Assembly-CSharp-Editor", "Assembly-CSharp-Editor.csproj", "{f884dc87-819a-8fb9-3857-6d3e8b8db4da}"
EndProject
Project("{FAE04EC0-301F-11D3-BF4B-00C04F79EFBC}") = "Assembly-CSharp-firstpass", "Assembly-CSharp-firstpass.csproj", "{e008b576-4402-49d4-88d5-2fc7a4b36933}"
EndProject
Project("{FAE04EC0-301F-11D3-BF4B-00C04F79EFBC}") = "YuoTools.ECS", "YuoTools.ECS.csproj", "{200726d1-fbca-2fd2-8760-7dfbaccea4dd}"
EndProject
Project("{FAE04EC0-301F-11D3-BF4B-00C04F79EFBC}") = "SimpleJSON", "SimpleJSON.csproj", "{38fd41eb-09d8-673a-7556-603f845d8cb7}"
EndProject
Project("{FAE04EC0-301F-11D3-BF4B-00C04F79EFBC}") = "Unity.Collections.CodeGen", "Unity.Collections.CodeGen.csproj", "{6d795fc9-fcd7-1328-f02c-715c1ddb5410}"
EndProject
Project("{FAE04EC0-301F-11D3-BF4B-00C04F79EFBC}") = "Assembly-CSharp-Editor-firstpass", "Assembly-CSharp-Editor-firstpass.csproj", "{1ef7a9a2-0052-2c49-5c37-dd58e898f240}"
EndProject
Project("{FAE04EC0-301F-11D3-BF4B-00C04F79EFBC}") = "Unity.Collections.Editor", "Unity.Collections.Editor.csproj", "{6cc93035-4eda-1370-db8e-5bac689accf4}"
EndProject
Project("{FAE04EC0-301F-11D3-BF4B-00C04F79EFBC}") = "Unity.Collections", "Unity.Collections.Player.csproj", "{d252f2ee-a190-300b-9892-92d7b6a65b24}"
EndProject
Project("{FAE04EC0-301F-11D3-BF4B-00C04F79EFBC}") = "YuoTools", "YuoTools.Player.csproj", "{c1fdda2c-2266-72fd-204c-7796abf10025}"
EndProject
Project("{FAE04EC0-301F-11D3-BF4B-00C04F79EFBC}") = "Assembly-CSharp", "Assembly-CSharp.Player.csproj", "{be8fe269-ebb7-c874-6650-caf91c575e2c}"
EndProject
Project("{FAE04EC0-301F-11D3-BF4B-00C04F79EFBC}") = "Unity.PerformanceTesting", "Unity.PerformanceTesting.Player.csproj", "{1381da2e-e690-74cf-15ab-cacaf8df29ef}"
EndProject
Project("{FAE04EC0-301F-11D3-BF4B-00C04F79EFBC}") = "Assembly-CSharp-firstpass", "Assembly-CSharp-firstpass.Player.csproj", "{cf03bd2e-8e42-4957-b58d-2b81115ba63c}"
EndProject
Project("{FAE04EC0-301F-11D3-BF4B-00C04F79EFBC}") = "YuoTools.ECS", "YuoTools.ECS.Player.csproj", "{7d97677c-80d3-eedb-ff3b-9aeb54b2bcda}"
EndProject
Project("{FAE04EC0-301F-11D3-BF4B-00C04F79EFBC}") = "SimpleJSON", "SimpleJSON.Player.csproj", "{6455ce3d-e79e-54d0-645b-7d5ea6267647}"
EndProject
Project("{FAE04EC0-301F-11D3-BF4B-00C04F79EFBC}") = "Unity.Collections.DocCodeSamples", "Unity.Collections.DocCodeSamples.csproj", "{bf1e465c-f8d9-cd52-d122-adde0dcf1ff6}"
EndProject
Project("{FAE04EC0-301F-11D3-BF4B-00C04F79EFBC}") = "Unity.Collections.PerformanceTests", "Unity.Collections.PerformanceTests.csproj", "{2e14aedf-7ef2-7e6d-b6b3-e8f089e6e37a}"
EndProject
Project("{FAE04EC0-301F-11D3-BF4B-00C04F79EFBC}") = "Unity.Collections.Tests", "Unity.Collections.Tests.csproj", "{fec43906-734c-14c0-a89b-246b9d706252}"
EndProject
Project("{FAE04EC0-301F-11D3-BF4B-00C04F79EFBC}") = "Unity.Collections.Tests.Playmode", "Unity.Collections.Tests.Playmode.csproj", "{7d1471f7-3a0a-c6b1-fea7-076a1c9d8056}"
EndProject
Project("{FAE04EC0-301F-11D3-BF4B-00C04F79EFBC}") = "Unity.Collections.BurstCompatibilityGen", "Unity.Collections.BurstCompatibilityGen.csproj", "{5816f7a7-e02a-d654-89b7-c78cdb0c1088}"
EndProject
Global
	GlobalSection(SolutionConfigurationPlatforms) = preSolution
		Debug|Any CPU = Debug|Any CPU
	EndGlobalSection
	GlobalSection(ProjectConfigurationPlatforms) = postSolution
		{1b710483-76ef-892f-936a-9a3bbcd156f7}.Debug|Any CPU.ActiveCfg = Debug|Any CPU
		{1b710483-76ef-892f-936a-9a3bbcd156f7}.Debug|Any CPU.Build.0 = Debug|Any CPU
		{93924fd0-4aa4-eb4d-8174-3ebf85f1aaa5}.Debug|Any CPU.ActiveCfg = Debug|Any CPU
		{93924fd0-4aa4-eb4d-8174-3ebf85f1aaa5}.Debug|Any CPU.Build.0 = Debug|Any CPU
		{cfaf01fa-de7f-72ae-ba5b-b4037850d0f8}.Debug|Any CPU.ActiveCfg = Debug|Any CPU
		{cfaf01fa-de7f-72ae-ba5b-b4037850d0f8}.Debug|Any CPU.Build.0 = Debug|Any CPU
		{b354cb8b-bfe7-1603-d8f6-c07273914e58}.Debug|Any CPU.ActiveCfg = Debug|Any CPU
		{b354cb8b-bfe7-1603-d8f6-c07273914e58}.Debug|Any CPU.Build.0 = Debug|Any CPU
		{f884dc87-819a-8fb9-3857-6d3e8b8db4da}.Debug|Any CPU.ActiveCfg = Debug|Any CPU
		{f884dc87-819a-8fb9-3857-6d3e8b8db4da}.Debug|Any CPU.Build.0 = Debug|Any CPU
		{e008b576-4402-49d4-88d5-2fc7a4b36933}.Debug|Any CPU.ActiveCfg = Debug|Any CPU
		{e008b576-4402-49d4-88d5-2fc7a4b36933}.Debug|Any CPU.Build.0 = Debug|Any CPU
		{200726d1-fbca-2fd2-8760-7dfbaccea4dd}.Debug|Any CPU.ActiveCfg = Debug|Any CPU
		{200726d1-fbca-2fd2-8760-7dfbaccea4dd}.Debug|Any CPU.Build.0 = Debug|Any CPU
		{38fd41eb-09d8-673a-7556-603f845d8cb7}.Debug|Any CPU.ActiveCfg = Debug|Any CPU
		{38fd41eb-09d8-673a-7556-603f845d8cb7}.Debug|Any CPU.Build.0 = Debug|Any CPU
		{6d795fc9-fcd7-1328-f02c-715c1ddb5410}.Debug|Any CPU.ActiveCfg = Debug|Any CPU
		{6d795fc9-fcd7-1328-f02c-715c1ddb5410}.Debug|Any CPU.Build.0 = Debug|Any CPU
		{1ef7a9a2-0052-2c49-5c37-dd58e898f240}.Debug|Any CPU.ActiveCfg = Debug|Any CPU
		{1ef7a9a2-0052-2c49-5c37-dd58e898f240}.Debug|Any CPU.Build.0 = Debug|Any CPU
		{6cc93035-4eda-1370-db8e-5bac689accf4}.Debug|Any CPU.ActiveCfg = Debug|Any CPU
		{6cc93035-4eda-1370-db8e-5bac689accf4}.Debug|Any CPU.Build.0 = Debug|Any CPU
		{d252f2ee-a190-300b-9892-92d7b6a65b24}.Debug|Any CPU.ActiveCfg = Debug|Any CPU
		{d252f2ee-a190-300b-9892-92d7b6a65b24}.Debug|Any CPU.Build.0 = Debug|Any CPU
		{c1fdda2c-2266-72fd-204c-7796abf10025}.Debug|Any CPU.ActiveCfg = Debug|Any CPU
		{c1fdda2c-2266-72fd-204c-7796abf10025}.Debug|Any CPU.Build.0 = Debug|Any CPU
		{be8fe269-ebb7-c874-6650-caf91c575e2c}.Debug|Any CPU.ActiveCfg = Debug|Any CPU
		{be8fe269-ebb7-c874-6650-caf91c575e2c}.Debug|Any CPU.Build.0 = Debug|Any CPU
		{1381da2e-e690-74cf-15ab-cacaf8df29ef}.Debug|Any CPU.ActiveCfg = Debug|Any CPU
		{1381da2e-e690-74cf-15ab-cacaf8df29ef}.Debug|Any CPU.Build.0 = Debug|Any CPU
		{cf03bd2e-8e42-4957-b58d-2b81115ba63c}.Debug|Any CPU.ActiveCfg = Debug|Any CPU
		{cf03bd2e-8e42-4957-b58d-2b81115ba63c}.Debug|Any CPU.Build.0 = Debug|Any CPU
		{7d97677c-80d3-eedb-ff3b-9aeb54b2bcda}.Debug|Any CPU.ActiveCfg = Debug|Any CPU
		{7d97677c-80d3-eedb-ff3b-9aeb54b2bcda}.Debug|Any CPU.Build.0 = Debug|Any CPU
		{6455ce3d-e79e-54d0-645b-7d5ea6267647}.Debug|Any CPU.ActiveCfg = Debug|Any CPU
		{6455ce3d-e79e-54d0-645b-7d5ea6267647}.Debug|Any CPU.Build.0 = Debug|Any CPU
		{bf1e465c-f8d9-cd52-d122-adde0dcf1ff6}.Debug|Any CPU.ActiveCfg = Debug|Any CPU
		{bf1e465c-f8d9-cd52-d122-adde0dcf1ff6}.Debug|Any CPU.Build.0 = Debug|Any CPU
		{2e14aedf-7ef2-7e6d-b6b3-e8f089e6e37a}.Debug|Any CPU.ActiveCfg = Debug|Any CPU
		{2e14aedf-7ef2-7e6d-b6b3-e8f089e6e37a}.Debug|Any CPU.Build.0 = Debug|Any CPU
		{fec43906-734c-14c0-a89b-246b9d706252}.Debug|Any CPU.ActiveCfg = Debug|Any CPU
		{fec43906-734c-14c0-a89b-246b9d706252}.Debug|Any CPU.Build.0 = Debug|Any CPU
		{7d1471f7-3a0a-c6b1-fea7-076a1c9d8056}.Debug|Any CPU.ActiveCfg = Debug|Any CPU
		{7d1471f7-3a0a-c6b1-fea7-076a1c9d8056}.Debug|Any CPU.Build.0 = Debug|Any CPU
		{5816f7a7-e02a-d654-89b7-c78cdb0c1088}.Debug|Any CPU.ActiveCfg = Debug|Any CPU
		{5816f7a7-e02a-d654-89b7-c78cdb0c1088}.Debug|Any CPU.Build.0 = Debug|Any CPU
	EndGlobalSection
	GlobalSection(SolutionProperties) = preSolution
		HideSolutionNode = FALSE
	EndGlobalSection
EndGlobal
