
Microsoft Visual Studio Solution File, Format Version 11.00
# Visual Studio 2010
Project("{FAE04EC0-301F-11D3-BF4B-00C04F79EFBC}") = "Assembly-CSharp", "Assembly-CSharp.csproj", "{cfaf01fa-de7f-72ae-ba5b-b4037850d0f8}"
EndProject
Project("{FAE04EC0-301F-11D3-BF4B-00C04F79EFBC}") = "YuoTools", "YuoTools.csproj", "{93924fd0-4aa4-eb4d-8174-3ebf85f1aaa5}"
EndProject
Project("{FAE04EC0-301F-11D3-BF4B-00C04F79EFBC}") = "Assembly-CSharp-Editor", "Assembly-CSharp-Editor.csproj", "{f884dc87-819a-8fb9-3857-6d3e8b8db4da}"
EndProject
Project("{FAE04EC0-301F-11D3-BF4B-00C04F79EFBC}") = "Assembly-CSharp-firstpass", "Assembly-CSharp-firstpass.csproj", "{e008b576-4402-49d4-88d5-2fc7a4b36933}"
EndProject
Project("{FAE04EC0-301F-11D3-BF4B-00C04F79EFBC}") = "YuoTools.ECS", "YuoTools.ECS.csproj", "{200726d1-fbca-2fd2-8760-7dfbaccea4dd}"
EndProject
Project("{FAE04EC0-301F-11D3-BF4B-00C04F79EFBC}") = "SimpleJSON", "SimpleJSON.csproj", "{38fd41eb-09d8-673a-7556-603f845d8cb7}"
EndProject
Project("{FAE04EC0-301F-11D3-BF4B-00C04F79EFBC}") = "Assembly-CSharp-Editor-firstpass", "Assembly-CSharp-Editor-firstpass.csproj", "{1ef7a9a2-0052-2c49-5c37-dd58e898f240}"
EndProject
Global
	GlobalSection(SolutionConfigurationPlatforms) = preSolution
		Debug|Any CPU = Debug|Any CPU
	EndGlobalSection
	GlobalSection(ProjectConfigurationPlatforms) = postSolution
		{cfaf01fa-de7f-72ae-ba5b-b4037850d0f8}.Debug|Any CPU.ActiveCfg = Debug|Any CPU
		{cfaf01fa-de7f-72ae-ba5b-b4037850d0f8}.Debug|Any CPU.Build.0 = Debug|Any CPU
		{93924fd0-4aa4-eb4d-8174-3ebf85f1aaa5}.Debug|Any CPU.ActiveCfg = Debug|Any CPU
		{93924fd0-4aa4-eb4d-8174-3ebf85f1aaa5}.Debug|Any CPU.Build.0 = Debug|Any CPU
		{f884dc87-819a-8fb9-3857-6d3e8b8db4da}.Debug|Any CPU.ActiveCfg = Debug|Any CPU
		{f884dc87-819a-8fb9-3857-6d3e8b8db4da}.Debug|Any CPU.Build.0 = Debug|Any CPU
		{e008b576-4402-49d4-88d5-2fc7a4b36933}.Debug|Any CPU.ActiveCfg = Debug|Any CPU
		{e008b576-4402-49d4-88d5-2fc7a4b36933}.Debug|Any CPU.Build.0 = Debug|Any CPU
		{200726d1-fbca-2fd2-8760-7dfbaccea4dd}.Debug|Any CPU.ActiveCfg = Debug|Any CPU
		{200726d1-fbca-2fd2-8760-7dfbaccea4dd}.Debug|Any CPU.Build.0 = Debug|Any CPU
		{38fd41eb-09d8-673a-7556-603f845d8cb7}.Debug|Any CPU.ActiveCfg = Debug|Any CPU
		{38fd41eb-09d8-673a-7556-603f845d8cb7}.Debug|Any CPU.Build.0 = Debug|Any CPU
		{1ef7a9a2-0052-2c49-5c37-dd58e898f240}.Debug|Any CPU.ActiveCfg = Debug|Any CPU
		{1ef7a9a2-0052-2c49-5c37-dd58e898f240}.Debug|Any CPU.Build.0 = Debug|Any CPU
	EndGlobalSection
	GlobalSection(SolutionProperties) = preSolution
		HideSolutionNode = FALSE
	EndGlobalSection
EndGlobal
